
Microsoft Visual Studio Solution File, Format Version 12.00
# Visual Studio Version 17
VisualStudioVersion = 17.5.002.0
MinimumVisualStudioVersion = 10.0.40219.1
Project("{2150E333-8FDC-42A3-9474-1A3956D46DE8}") = "week01", "week01", "{746C5522-D5EC-4C38-9F63-D261CCDEA047}"
EndProject
Project("{9A19103F-16F7-4668-BE54-9A1E7A4F7556}") = "code", "week01\code\code.csproj", "{36EE7396-1042-4C91-9D75-77007421B9EA}"
EndProject
Project("{9A19103F-16F7-4668-BE54-9A1E7A4F7556}") = "analyze", "week01\analyze\analyze.csproj", "{FD61720A-5262-4894-A63B-FE7C91D3743B}"
EndProject
Project("{9A19103F-16F7-4668-BE54-9A1E7A4F7556}") = "teach", "week01\teach\teach.csproj", "{CDE6F944-3BE8-4B85-AA5F-AE89EE1CD0C1}"
EndProject
Project("{2150E333-8FDC-42A3-9474-1A3956D46DE8}") = "week06", "week06", "{7EF865C1-9AA5-4671-9A38-B5986987B361}"
EndProject
Project("{9A19103F-16F7-4668-BE54-9A1E7A4F7556}") = "code", "week06\code\code.csproj", "{08BE818F-B9DE-4F88-A6A5-80B5220BFF5C}"
EndProject
Project("{2150E333-8FDC-42A3-9474-1A3956D46DE8}") = "sandbox", "sandbox", "{B8D5F78A-9C87-49AC-B91A-807E7495646E}"
EndProject
Project("{9A19103F-16F7-4668-BE54-9A1E7A4F7556}") = "sandbox_project", "sandbox\sandbox_project\sandbox_project.csproj", "{50F00C89-72AC-4F6D-8F1D-A59318994413}"
EndProject
Project("{2150E333-8FDC-42A3-9474-1A3956D46DE8}") = "week05", "week05", "{F2CC9FC7-E51C-406A-A78F-881C1AE9384C}"
EndProject
Project("{9A19103F-16F7-4668-BE54-9A1E7A4F7556}") = "code", "week05\code\code.csproj", "{8CFA9450-E638-4FBE-B364-FB24339819AE}"
EndProject
Project("{2150E333-8FDC-42A3-9474-1A3956D46DE8}") = "week02", "week02", "{35431B6C-A9BC-4339-8439-0452162EAD6C}"
EndProject
Project("{9A19103F-16F7-4668-BE54-9A1E7A4F7556}") = "learn", "week02\learn\learn.csproj", "{E5A2F356-5214-423C-80AB-63218C1F8869}"
EndProject
Project("{9A19103F-16F7-4668-BE54-9A1E7A4F7556}") = "code", "week02\code\code.csproj", "{170108E4-4D68-478C-AC5B-4AFE22D26E1A}"
EndProject
Project("{9A19103F-16F7-4668-BE54-9A1E7A4F7556}") = "analyze", "week02\analyze\analyze.csproj", "{14F50D89-9D5E-45B0-BB06-2B95BCDCE62A}"
EndProject
Project("{9A19103F-16F7-4668-BE54-9A1E7A4F7556}") = "teach", "week02\teach\teach.csproj", "{E6444912-BC65-4CFE-AE23-CCAFD8BC504A}"
EndProject
Project("{2150E333-8FDC-42A3-9474-1A3956D46DE8}") = "week03", "week03", "{DBAAA45D-D6C4-4884-822F-5F8544B576B4}"
EndProject
Project("{9A19103F-16F7-4668-BE54-9A1E7A4F7556}") = "learn", "week03\learn\learn.csproj", "{74B4FA5B-CACE-4D18-8851-969DBDD69750}"
EndProject
Project("{9A19103F-16F7-4668-BE54-9A1E7A4F7556}") = "code", "week03\code\code.csproj", "{AB9ED554-BAF1-4AD1-82BB-053568E42FEB}"
EndProject
Project("{9A19103F-16F7-4668-BE54-9A1E7A4F7556}") = "teach", "week03\teach\teach.csproj", "{F0C0259B-B1E6-4E8B-A271-91F296225FB0}"
EndProject
Project("{2150E333-8FDC-42A3-9474-1A3956D46DE8}") = "week04", "week04", "{71146AEF-F6A6-4C9E-BC86-F6DB90475B55}"
EndProject
Project("{9A19103F-16F7-4668-BE54-9A1E7A4F7556}") = "code", "week04\code\code.csproj", "{AFE0F778-D36B-4131-9DB4-4A5A4EB12AFE}"
EndProject
Global
	GlobalSection(SolutionConfigurationPlatforms) = preSolution
		Debug|Any CPU = Debug|Any CPU
		Release|Any CPU = Release|Any CPU
	EndGlobalSection
	GlobalSection(ProjectConfigurationPlatforms) = postSolution
		{36EE7396-1042-4C91-9D75-77007421B9EA}.Debug|Any CPU.ActiveCfg = Debug|Any CPU
		{36EE7396-1042-4C91-9D75-77007421B9EA}.Debug|Any CPU.Build.0 = Debug|Any CPU
		{36EE7396-1042-4C91-9D75-77007421B9EA}.Release|Any CPU.ActiveCfg = Release|Any CPU
		{36EE7396-1042-4C91-9D75-77007421B9EA}.Release|Any CPU.Build.0 = Release|Any CPU
		{FD61720A-5262-4894-A63B-FE7C91D3743B}.Debug|Any CPU.ActiveCfg = Debug|Any CPU
		{FD61720A-5262-4894-A63B-FE7C91D3743B}.Debug|Any CPU.Build.0 = Debug|Any CPU
		{FD61720A-5262-4894-A63B-FE7C91D3743B}.Release|Any CPU.ActiveCfg = Release|Any CPU
		{FD61720A-5262-4894-A63B-FE7C91D3743B}.Release|Any CPU.Build.0 = Release|Any CPU
		{CDE6F944-3BE8-4B85-AA5F-AE89EE1CD0C1}.Debug|Any CPU.ActiveCfg = Debug|Any CPU
		{CDE6F944-3BE8-4B85-AA5F-AE89EE1CD0C1}.Debug|Any CPU.Build.0 = Debug|Any CPU
		{CDE6F944-3BE8-4B85-AA5F-AE89EE1CD0C1}.Release|Any CPU.ActiveCfg = Release|Any CPU
		{CDE6F944-3BE8-4B85-AA5F-AE89EE1CD0C1}.Release|Any CPU.Build.0 = Release|Any CPU
		{08BE818F-B9DE-4F88-A6A5-80B5220BFF5C}.Debug|Any CPU.ActiveCfg = Debug|Any CPU
		{08BE818F-B9DE-4F88-A6A5-80B5220BFF5C}.Debug|Any CPU.Build.0 = Debug|Any CPU
		{08BE818F-B9DE-4F88-A6A5-80B5220BFF5C}.Release|Any CPU.ActiveCfg = Release|Any CPU
		{08BE818F-B9DE-4F88-A6A5-80B5220BFF5C}.Release|Any CPU.Build.0 = Release|Any CPU
		{50F00C89-72AC-4F6D-8F1D-A59318994413}.Debug|Any CPU.ActiveCfg = Debug|Any CPU
		{50F00C89-72AC-4F6D-8F1D-A59318994413}.Debug|Any CPU.Build.0 = Debug|Any CPU
		{50F00C89-72AC-4F6D-8F1D-A59318994413}.Release|Any CPU.ActiveCfg = Release|Any CPU
		{50F00C89-72AC-4F6D-8F1D-A59318994413}.Release|Any CPU.Build.0 = Release|Any CPU
		{8CFA9450-E638-4FBE-B364-FB24339819AE}.Debug|Any CPU.ActiveCfg = Debug|Any CPU
		{8CFA9450-E638-4FBE-B364-FB24339819AE}.Debug|Any CPU.Build.0 = Debug|Any CPU
		{8CFA9450-E638-4FBE-B364-FB24339819AE}.Release|Any CPU.ActiveCfg = Release|Any CPU
		{8CFA9450-E638-4FBE-B364-FB24339819AE}.Release|Any CPU.Build.0 = Release|Any CPU
		{E5A2F356-5214-423C-80AB-63218C1F8869}.Debug|Any CPU.ActiveCfg = Debug|Any CPU
		{E5A2F356-5214-423C-80AB-63218C1F8869}.Debug|Any CPU.Build.0 = Debug|Any CPU
		{E5A2F356-5214-423C-80AB-63218C1F8869}.Release|Any CPU.ActiveCfg = Release|Any CPU
		{E5A2F356-5214-423C-80AB-63218C1F8869}.Release|Any CPU.Build.0 = Release|Any CPU
		{170108E4-4D68-478C-AC5B-4AFE22D26E1A}.Debug|Any CPU.ActiveCfg = Debug|Any CPU
		{170108E4-4D68-478C-AC5B-4AFE22D26E1A}.Debug|Any CPU.Build.0 = Debug|Any CPU
		{170108E4-4D68-478C-AC5B-4AFE22D26E1A}.Release|Any CPU.ActiveCfg = Release|Any CPU
		{170108E4-4D68-478C-AC5B-4AFE22D26E1A}.Release|Any CPU.Build.0 = Release|Any CPU
		{14F50D89-9D5E-45B0-BB06-2B95BCDCE62A}.Debug|Any CPU.ActiveCfg = Debug|Any CPU
		{14F50D89-9D5E-45B0-BB06-2B95BCDCE62A}.Debug|Any CPU.Build.0 = Debug|Any CPU
		{14F50D89-9D5E-45B0-BB06-2B95BCDCE62A}.Release|Any CPU.ActiveCfg = Release|Any CPU
		{14F50D89-9D5E-45B0-BB06-2B95BCDCE62A}.Release|Any CPU.Build.0 = Release|Any CPU
		{E6444912-BC65-4CFE-AE23-CCAFD8BC504A}.Debug|Any CPU.ActiveCfg = Debug|Any CPU
		{E6444912-BC65-4CFE-AE23-CCAFD8BC504A}.Debug|Any CPU.Build.0 = Debug|Any CPU
		{E6444912-BC65-4CFE-AE23-CCAFD8BC504A}.Release|Any CPU.ActiveCfg = Release|Any CPU
		{E6444912-BC65-4CFE-AE23-CCAFD8BC504A}.Release|Any CPU.Build.0 = Release|Any CPU
		{74B4FA5B-CACE-4D18-8851-969DBDD69750}.Debug|Any CPU.ActiveCfg = Debug|Any CPU
		{74B4FA5B-CACE-4D18-8851-969DBDD69750}.Debug|Any CPU.Build.0 = Debug|Any CPU
		{74B4FA5B-CACE-4D18-8851-969DBDD69750}.Release|Any CPU.ActiveCfg = Release|Any CPU
		{74B4FA5B-CACE-4D18-8851-969DBDD69750}.Release|Any CPU.Build.0 = Release|Any CPU
		{AB9ED554-BAF1-4AD1-82BB-053568E42FEB}.Debug|Any CPU.ActiveCfg = Debug|Any CPU
		{AB9ED554-BAF1-4AD1-82BB-053568E42FEB}.Debug|Any CPU.Build.0 = Debug|Any CPU
		{AB9ED554-BAF1-4AD1-82BB-053568E42FEB}.Release|Any CPU.ActiveCfg = Release|Any CPU
		{AB9ED554-BAF1-4AD1-82BB-053568E42FEB}.Release|Any CPU.Build.0 = Release|Any CPU
		{F0C0259B-B1E6-4E8B-A271-91F296225FB0}.Debug|Any CPU.ActiveCfg = Debug|Any CPU
		{F0C0259B-B1E6-4E8B-A271-91F296225FB0}.Debug|Any CPU.Build.0 = Debug|Any CPU
		{F0C0259B-B1E6-4E8B-A271-91F296225FB0}.Release|Any CPU.ActiveCfg = Release|Any CPU
		{F0C0259B-B1E6-4E8B-A271-91F296225FB0}.Release|Any CPU.Build.0 = Release|Any CPU
		{AFE0F778-D36B-4131-9DB4-4A5A4EB12AFE}.Debug|Any CPU.ActiveCfg = Debug|Any CPU
		{AFE0F778-D36B-4131-9DB4-4A5A4EB12AFE}.Debug|Any CPU.Build.0 = Debug|Any CPU
		{AFE0F778-D36B-4131-9DB4-4A5A4EB12AFE}.Release|Any CPU.ActiveCfg = Release|Any CPU
		{AFE0F778-D36B-4131-9DB4-4A5A4EB12AFE}.Release|Any CPU.Build.0 = Release|Any CPU
	EndGlobalSection
	GlobalSection(SolutionProperties) = preSolution
		HideSolutionNode = FALSE
	EndGlobalSection
	GlobalSection(NestedProjects) = preSolution
		{36EE7396-1042-4C91-9D75-77007421B9EA} = {746C5522-D5EC-4C38-9F63-D261CCDEA047}
		{FD61720A-5262-4894-A63B-FE7C91D3743B} = {746C5522-D5EC-4C38-9F63-D261CCDEA047}
		{CDE6F944-3BE8-4B85-AA5F-AE89EE1CD0C1} = {746C5522-D5EC-4C38-9F63-D261CCDEA047}
		{08BE818F-B9DE-4F88-A6A5-80B5220BFF5C} = {7EF865C1-9AA5-4671-9A38-B5986987B361}
		{50F00C89-72AC-4F6D-8F1D-A59318994413} = {B8D5F78A-9C87-49AC-B91A-807E7495646E}
		{8CFA9450-E638-4FBE-B364-FB24339819AE} = {F2CC9FC7-E51C-406A-A78F-881C1AE9384C}
		{E5A2F356-5214-423C-80AB-63218C1F8869} = {35431B6C-A9BC-4339-8439-0452162EAD6C}
		{170108E4-4D68-478C-AC5B-4AFE22D26E1A} = {35431B6C-A9BC-4339-8439-0452162EAD6C}
		{14F50D89-9D5E-45B0-BB06-2B95BCDCE62A} = {35431B6C-A9BC-4339-8439-0452162EAD6C}
		{E6444912-BC65-4CFE-AE23-CCAFD8BC504A} = {35431B6C-A9BC-4339-8439-0452162EAD6C}
		{74B4FA5B-CACE-4D18-8851-969DBDD69750} = {DBAAA45D-D6C4-4884-822F-5F8544B576B4}
		{AB9ED554-BAF1-4AD1-82BB-053568E42FEB} = {DBAAA45D-D6C4-4884-822F-5F8544B576B4}
		{F0C0259B-B1E6-4E8B-A271-91F296225FB0} = {DBAAA45D-D6C4-4884-822F-5F8544B576B4}
		{AFE0F778-D36B-4131-9DB4-4A5A4EB12AFE} = {71146AEF-F6A6-4C9E-BC86-F6DB90475B55}
	EndGlobalSection
	GlobalSection(ExtensibilityGlobals) = postSolution
		SolutionGuid = {D4389AF3-A9F1-4C2A-809F-4308A84E7521}
	EndGlobalSection
EndGlobal
